
Microsoft Visual Studio Solution File, Format Version 12.00
# Visual Studio Version 16
VisualStudioVersion = 16.0.30413.136
MinimumVisualStudioVersion = 10.0.40219.1
Project("{FAE04EC0-301F-11D3-BF4B-00C04F79EFBC}") = "ArreglosYRegistros", "ArreglosYRegistros\ArreglosYRegistros.csproj", "{19B136E4-9D8C-4092-94F1-018321B77AEB}"
EndProject
Global
	GlobalSection(SolutionConfigurationPlatforms) = preSolution
		Debug|Any CPU = Debug|Any CPU
		Release|Any CPU = Release|Any CPU
	EndGlobalSection
	GlobalSection(ProjectConfigurationPlatforms) = postSolution
		{19B136E4-9D8C-4092-94F1-018321B77AEB}.Debug|Any CPU.ActiveCfg = Debug|Any CPU
		{19B136E4-9D8C-4092-94F1-018321B77AEB}.Debug|Any CPU.Build.0 = Debug|Any CPU
		{19B136E4-9D8C-4092-94F1-018321B77AEB}.Release|Any CPU.ActiveCfg = Release|Any CPU
		{19B136E4-9D8C-4092-94F1-018321B77AEB}.Release|Any CPU.Build.0 = Release|Any CPU
	EndGlobalSection
	GlobalSection(SolutionProperties) = preSolution
		HideSolutionNode = FALSE
	EndGlobalSection
	GlobalSection(ExtensibilityGlobals) = postSolution
		SolutionGuid = {2F70FDD1-0FA7-4574-8971-39E4460AD995}
	EndGlobalSection
EndGlobal
